
Microsoft Visual Studio Solution File, Format Version 12.00
# Visual Studio Version 16
VisualStudioVersion = 16.0.30907.101
MinimumVisualStudioVersion = 10.0.40219.1
Project("{9A19103F-16F7-4668-BE54-9A1E7A4F7556}") = "Practic_3_curs", "Practic_3_curs.csproj", "{D02454AA-24E1-4B67-9E65-245413C48A6C}"
EndProject
Global
	GlobalSection(SolutionConfigurationPlatforms) = preSolution
		Debug|Any CPU = Debug|Any CPU
		Release|Any CPU = Release|Any CPU
	EndGlobalSection
	GlobalSection(ProjectConfigurationPlatforms) = postSolution
		{D02454AA-24E1-4B67-9E65-245413C48A6C}.Debug|Any CPU.ActiveCfg = Debug|Any CPU
		{D02454AA-24E1-4B67-9E65-245413C48A6C}.Debug|Any CPU.Build.0 = Debug|Any CPU
		{D02454AA-24E1-4B67-9E65-245413C48A6C}.Release|Any CPU.ActiveCfg = Release|Any CPU
		{D02454AA-24E1-4B67-9E65-245413C48A6C}.Release|Any CPU.Build.0 = Release|Any CPU
	EndGlobalSection
	GlobalSection(SolutionProperties) = preSolution
		HideSolutionNode = FALSE
	EndGlobalSection
	GlobalSection(ExtensibilityGlobals) = postSolution
		SolutionGuid = {FBDDC37B-2BBF-4320-8931-4C7D315D008E}
	EndGlobalSection
EndGlobal
